hash: e711f14da3b1c97eed33996499eee708679ae910f2e251072afceac67007fd59
updated: 2018-09-12T21:46:13.645062+02:00
imports:
- name: github.com/Azure/azure-sdk-for-go
  version: 2935c0241c74bd8549b843978dd6fc1be6f48b4a
  subpackages:
  - profiles/latest/compute/mgmt/compute
  - profiles/latest/network/mgmt/network
  - profiles/latest/resources/mgmt/resources
  - profiles/latest/resources/mgmt/subscriptions
  - profiles/latest/storage/mgmt/storage
  - services/compute/mgmt/2018-04-01/compute
  - services/network/mgmt/2018-01-01/network
  - services/resources/mgmt/2016-06-01/subscriptions
  - services/resources/mgmt/2018-02-01/resources
  - services/storage/mgmt/2017-10-01/storage
  - version
- name: github.com/Azure/go-autorest
  version: a88c19ef2016e095f0b6c3b451074b4663f53bed
  subpackages:
  - autorest
  - autorest/adal
  - autorest/azure
  - autorest/azure/auth
  - autorest/date
  - autorest/to
  - autorest/validation
  - logger
  - version
- name: github.com/beorn7/perks
  version: 3a771d992973f24aa725d07868b467d1ddfceafb
  subpackages:
  - quantile
- name: github.com/dgrijalva/jwt-go
  version: 01aeca54ebda6e0fbfafd0a524d234159c05ec20
- name: github.com/dimchansky/utfbom
  version: 5448fe645cb1964ba70ac8f9f2ffe975e61a536c
- name: github.com/gogo/protobuf
  version: c0656edd0d9eab7c66d1eb0c568f9039345796f7
  subpackages:
  - proto
- name: github.com/golang/protobuf
  version: b4deda0973fb4c70b50d226b1af49f3da59f5265
  subpackages:
  - proto
- name: github.com/jessevdk/go-flags
  version: 1c38ed7ad0cc3d9e66649ac398c30e45f395c4eb
- name: github.com/matttproud/golang_protobuf_extensions
  version: c12348ce28de40eed0136aa2b644d0ee0650e56c
  subpackages:
  - pbutil
- name: github.com/prometheus/client_golang
  version: b5bfa0eb2c8d46bd91dc58271e973c5f0bbebcfa
  subpackages:
  - prometheus
  - prometheus/internal
  - prometheus/promhttp
- name: github.com/prometheus/client_model
  version: 5c3871d89910bfb32f5fcab2aa4b9ec68e65a99f
  subpackages:
  - go
- name: github.com/prometheus/common
  version: c7de2306084e37d54b8be01f3541a8464345e9a5
  subpackages:
  - expfmt
  - internal/bitbucket.org/ww/goautoneg
  - model
- name: github.com/prometheus/procfs
  version: 05ee40e3a273f7245e8777337fc7b46e533a9a92
  subpackages:
  - internal/util
  - nfs
  - xfs
- name: golang.org/x/crypto
  version: 49796115aa4b964c318aad4f3084fdb41e9aa067
  subpackages:
  - pkcs12
  - pkcs12/internal/rc2
testImports: []
