hash: 8b9edf5e1c0ec6c95bfc7a7bf7b53a306964f16e3f8d3ed44c6ebc6be6faecc7
updated: 2019-01-20T15:15:07.226254+01:00
imports:
- name: contrib.go.opencensus.io/exporter/ocagent
  version: b8ece14a43f0cda76036504e4a4fd7fa27ce1869
- name: github.com/anvie/port-scanner
  version: 8159197d3770eb6dbf3a9706a6d40462ebb69cec
  subpackages:
  - predictors
  - predictors/webserver
- name: github.com/Azure/azure-sdk-for-go
  version: 392ea0b046cfb0cb05942ea92baf22af9ff7f9df
  subpackages:
  - profiles/latest/advisor/mgmt/advisor
  - profiles/latest/compute/mgmt/compute
  - profiles/latest/containerregistry/mgmt/containerregistry
  - profiles/latest/mysql/mgmt/mysql
  - profiles/latest/network/mgmt/network
  - profiles/latest/postgresql/mgmt/postgresql
  - profiles/latest/resourcehealth/mgmt/resourcehealth
  - profiles/latest/resources/mgmt/resources
  - profiles/latest/resources/mgmt/subscriptions
  - profiles/latest/sql/mgmt/sql
  - profiles/latest/storage/mgmt/storage
  - profiles/preview/containerinstance/mgmt/containerinstance
  - profiles/preview/preview/security/mgmt/security
  - services/advisor/mgmt/2017-04-19/advisor
  - services/compute/mgmt/2018-10-01/compute
  - services/containerinstance/mgmt/2018-10-01/containerinstance
  - services/containerregistry/mgmt/2018-09-01/containerregistry
  - services/mysql/mgmt/2017-12-01/mysql
  - services/network/mgmt/2018-11-01/network
  - services/postgresql/mgmt/2017-12-01/postgresql
  - services/preview/security/mgmt/2017-08-01-preview/security
  - services/resourcehealth/mgmt/2017-07-01/resourcehealth
  - services/resources/mgmt/2016-06-01/subscriptions
  - services/resources/mgmt/2018-05-01/resources
  - services/storage/mgmt/2018-07-01/storage
  - version
- name: github.com/Azure/go-autorest
  version: 16ac8fb5da89a244e30e83bc535dfb2c36fc5217
  subpackages:
  - autorest
  - autorest/adal
  - autorest/azure
  - autorest/azure/auth
  - autorest/azure/cli
  - autorest/date
  - autorest/to
  - autorest/validation
  - logger
  - tracing
- name: github.com/beorn7/perks
  version: 3a771d992973f24aa725d07868b467d1ddfceafb
  subpackages:
  - quantile
- name: github.com/census-instrumentation/opencensus-proto
  version: b11a67434194733b34c11f206938263fa16ad1cf
  subpackages:
  - gen-go/agent/common/v1
  - gen-go/agent/trace/v1
  - gen-go/resource/v1
  - gen-go/trace/v1
- name: github.com/dgrijalva/jwt-go
  version: 01aeca54ebda6e0fbfafd0a524d234159c05ec20
- name: github.com/dimchansky/utfbom
  version: 5448fe645cb1964ba70ac8f9f2ffe975e61a536c
- name: github.com/golang/protobuf
  version: b4deda0973fb4c70b50d226b1af49f3da59f5265
  subpackages:
  - proto
  - ptypes
  - ptypes/any
  - ptypes/duration
  - ptypes/timestamp
  - ptypes/wrappers
- name: github.com/google/logger
  version: 324a7c096a0d1041e2766b42187908af70e4f723
- name: github.com/jessevdk/go-flags
  version: 5de817a9aa209ed35a164cb04aec82b7df1a47a6
- name: github.com/matttproud/golang_protobuf_extensions
  version: c12348ce28de40eed0136aa2b644d0ee0650e56c
  subpackages:
  - pbutil
- name: github.com/mitchellh/go-homedir
  version: ae18d6b8b3205b561c79e8e5f69bff09736185f4
- name: github.com/prometheus/client_golang
  version: 26e258bb9c9a94c26d4a46ff302ec7e855b82e10
  subpackages:
  - prometheus
  - prometheus/internal
  - prometheus/promhttp
- name: github.com/prometheus/client_model
  version: 5c3871d89910bfb32f5fcab2aa4b9ec68e65a99f
  subpackages:
  - go
- name: github.com/prometheus/common
  version: 41aa239b4cce3c56ab88fc366ae8b0a6423fa239
  subpackages:
  - expfmt
  - internal/bitbucket.org/ww/goautoneg
  - model
- name: github.com/prometheus/procfs
  version: 185b4288413d2a0dd0806f78c90dde719829e5ae
  subpackages:
  - internal/util
  - nfs
  - xfs
- name: github.com/remeh/sizedwaitgroup
  version: 5e7302b12ccef91dce9fde2f5bda6d5c7ea5d2eb
- name: github.com/satori/go.uuid
  version: b2ce2384e17bbe0c6d34077efa39dbab3e09123b
- name: go.opencensus.io
  version: 91a0276ece6ad4cbdc4b46116f88d2b47a5f58e5
  subpackages:
  - exemplar
  - internal
  - internal/tagencoding
  - plugin/ochttp
  - plugin/ochttp/propagation/b3
  - plugin/ochttp/propagation/tracecontext
  - stats
  - stats/internal
  - stats/view
  - tag
  - trace
  - trace/internal
  - trace/propagation
  - trace/tracestate
- name: golang.org/x/crypto
  version: de0752318171da717af4ce24d0a2e8626afaeb11
  subpackages:
  - pkcs12
  - pkcs12/internal/rc2
- name: golang.org/x/net
  version: 0ed95abb35c445290478a5348a7b38bb154135fd
  subpackages:
  - context
  - http2
  - http2/hpack
  - idna
  - internal/timeseries
  - lex/httplex
  - trace
- name: golang.org/x/sync
  version: 42b317875d0fa942474b76e1b46a6060d720ae6e
  subpackages:
  - semaphore
- name: golang.org/x/sys
  version: 11f53e03133963fb11ae0588e08b5e0b85be8be5
  subpackages:
  - unix
  - windows
  - windows/registry
  - windows/svc/eventlog
- name: golang.org/x/text
  version: b19bf474d317b857955b12035d2c5acb57ce8b01
  subpackages:
  - secure/bidirule
  - transform
  - unicode/bidi
  - unicode/norm
- name: google.golang.org/api
  version: 83a9d304b1e613fc253e1e2710778642fe81af53
  subpackages:
  - support/bundler
- name: google.golang.org/genproto
  version: b5d43981345bdb2c233eb4bf3277847b48c6fdc6
  subpackages:
  - googleapis/rpc/status
- name: google.golang.org/grpc
  version: ec9c18c8c6dda21490f4840e9c9946d883fd3037
  subpackages:
  - balancer
  - balancer/base
  - balancer/roundrobin
  - binarylog/grpc_binarylog_v1
  - codes
  - connectivity
  - credentials
  - credentials/internal
  - encoding
  - encoding/proto
  - grpclog
  - internal
  - internal/backoff
  - internal/binarylog
  - internal/channelz
  - internal/envconfig
  - internal/grpcrand
  - internal/grpcsync
  - internal/syscall
  - internal/transport
  - keepalive
  - metadata
  - naming
  - peer
  - resolver
  - resolver/dns
  - resolver/passthrough
  - stats
  - status
  - tap
testImports: []
